# THIS IS AN AUTOGENERATED FILE. DO NOT EDIT THIS FILE DIRECTLY.
# yarn lockfile v1


"@babel/runtime@^7.15.3":
  version "7.15.3"
  resolved "https://registry.yarnpkg.com/@babel/runtime/-/runtime-7.15.3.tgz#2e1c2880ca118e5b2f9988322bd8a7656a32502b"
  dependencies:
    regenerator-runtime "^0.13.4"

automation-events@^4.0.6:
  version "4.0.6"
  resolved "https://registry.yarnpkg.com/automation-events/-/automation-events-4.0.6.tgz#d703a0608eb2acebc810dd0c21afdca95fe53ac3"
  dependencies:
    "@babel/runtime" "^7.15.3"
    tslib "^2.3.1"

bindings@^1.2.1:
  version "1.5.0"
  resolved "https://registry.yarnpkg.com/bindings/-/bindings-1.5.0.tgz#10353c9e945334bc0511a6d90b38fbc7c9c504df"
  dependencies:
    file-uri-to-path "1.0.0"

core-util-is@~1.0.0:
  version "1.0.2"
  resolved "https://registry.yarnpkg.com/core-util-is/-/core-util-is-1.0.2.tgz#b5fd54220aa2bc5ab57aab7140c940754503c1a7"

debug@^2.2.0:
  version "2.6.9"
  resolved "https://registry.yarnpkg.com/debug/-/debug-2.6.9.tgz#5d128515df134ff327e90a4c93f4e077a536341f"
  dependencies:
    ms "2.0.0"

file-uri-to-path@1.0.0:
  version "1.0.0"
  resolved "https://registry.yarnpkg.com/file-uri-to-path/-/file-uri-to-path-1.0.0.tgz#553a7b8446ff6f684359c445f1e37a05dacc33dd"

fourier-transform@^1.0.2:
  version "1.1.2"
  resolved "https://registry.yarnpkg.com/fourier-transform/-/fourier-transform-1.1.2.tgz#53927cefa86958eb1fd2148af46c6d3fc5e79b64"

inherits@~2.0.3:
  version "2.0.4"
  resolved "https://registry.yarnpkg.com/inherits/-/inherits-2.0.4.tgz#0fa2c64f932917c3433a0ded55363aae37416b7c"

isarray@~1.0.0:
  version "1.0.0"
  resolved "https://registry.yarnpkg.com/isarray/-/isarray-1.0.0.tgz#bb935d48582cba168c06834957a54a3e07124f11"

ms@2.0.0:
  version "2.0.0"
  resolved "https://registry.yarnpkg.com/ms/-/ms-2.0.0.tgz#5608aeadfc00be6c2901df5f9861788de0d597c8"

nan@^2.2.0:
  version "2.15.0"
  resolved "https://registry.yarnpkg.com/nan/-/nan-2.15.0.tgz#3f34a473ff18e15c1b5626b62903b5ad6e665fee"

nmap@^0.9.0:
  version "0.9.0"
  resolved "https://registry.yarnpkg.com/nmap/-/nmap-0.9.0.tgz#e9292746c7e2d9ea7abbd276c2d086e993cf4de0"

process-nextick-args@~2.0.0:
  version "2.0.1"
  resolved "https://registry.yarnpkg.com/process-nextick-args/-/process-nextick-args-2.0.1.tgz#7820d9b16120cc55ca9ae7792680ae7dba6d7fe2"

readable-stream@^2.0.5:
  version "2.3.7"
  resolved "https://registry.yarnpkg.com/readable-stream/-/readable-stream-2.3.7.tgz#1eca1cf711aef814c04f62252a36a62f6cb23b57"
  dependencies:
    core-util-is "~1.0.0"
    inherits "~2.0.3"
    isarray "~1.0.0"
    process-nextick-args "~2.0.0"
    safe-buffer "~5.1.1"
    string_decoder "~1.1.1"
    util-deprecate "~1.0.1"

regenerator-runtime@^0.13.4:
  version "0.13.9"
  resolved "https://registry.yarnpkg.com/regenerator-runtime/-/regenerator-runtime-0.13.9.tgz#8925742a98ffd90814988d7566ad30ca3b263b52"

safe-buffer@~5.1.0, safe-buffer@~5.1.1:
  version "5.1.2"
  resolved "https://registry.yarnpkg.com/safe-buffer/-/safe-buffer-5.1.2.tgz#991ec69d296e0313747d59bdfd2b745c35f8828d"

scijs-window-functions@^2.0.2:
  version "2.0.2"
  resolved "https://registry.yarnpkg.com/scijs-window-functions/-/scijs-window-functions-2.0.2.tgz#58e5dc90b52ae729a53a37faf3cf6d44f5775942"

speaker@^0.3.0:
  version "0.3.1"
  resolved "https://registry.yarnpkg.com/speaker/-/speaker-0.3.1.tgz#19965f87b54be291554826c2c9338e0afd5b7594"
  dependencies:
    bindings "^1.2.1"
    debug "^2.2.0"
    nan "^2.2.0"
    readable-stream "^2.0.5"

standardized-audio-context@^25.1.8:
  version "25.3.6"
  resolved "https://registry.yarnpkg.com/standardized-audio-context/-/standardized-audio-context-25.3.6.tgz#dc2d788f66cf71768348e65de960dd1ea862575b"
  dependencies:
    "@babel/runtime" "^7.15.3"
    automation-events "^4.0.6"
    tslib "^2.3.1"

string_decoder@~1.1.1:
  version "1.1.1"
  resolved "https://registry.yarnpkg.com/string_decoder/-/string_decoder-1.1.1.tgz#9cf1611ba62685d7030ae9e4ba34149c3af03fc8"
  dependencies:
    safe-buffer "~5.1.0"

tone@^14.7.77:
  version "14.7.77"
  resolved "https://registry.yarnpkg.com/tone/-/tone-14.7.77.tgz#12a2a9f033952ccdb552275a6384ca5d36d4b5ed"
  dependencies:
    standardized-audio-context "^25.1.8"
    tslib "^2.0.1"

tslib@^2.0.1, tslib@^2.3.1:
  version "2.3.1"
  resolved "https://registry.yarnpkg.com/tslib/-/tslib-2.3.1.tgz#e8a335add5ceae51aa261d32a490158ef042ef01"

util-deprecate@~1.0.1:
  version "1.0.2"
  resolved "https://registry.yarnpkg.com/util-deprecate/-/util-deprecate-1.0.2.tgz#450d4dc9fa70de732762fbd2d4a28981419a0ccf"

wav-decoder@^1.1.0:
  version "1.3.0"
  resolved "https://registry.yarnpkg.com/wav-decoder/-/wav-decoder-1.3.0.tgz#1d0bf7195f623661bd182464c434a3e8bc42eb0e"

wav-encoder@^1.1.0:
  version "1.3.0"
  resolved "https://registry.yarnpkg.com/wav-encoder/-/wav-encoder-1.3.0.tgz#ed1ca1e59c8d2bca50010d6a380ab8d473b12b65"

web-audio-engine@^0.9.2:
  version "0.9.4"
  resolved "https://registry.yarnpkg.com/web-audio-engine/-/web-audio-engine-0.9.4.tgz#c74ebfcbb2b58a83d6d0f728618b8a0a252bc1f5"
  dependencies:
    fourier-transform "^1.0.2"
    nmap "^0.9.0"
    scijs-window-functions "^2.0.2"
    wav-decoder "^1.1.0"
    wav-encoder "^1.1.0"
